
Microsoft Visual Studio Solution File, Format Version 12.00
# Visual Studio Version 17
VisualStudioVersion = 17.14.36623.8
MinimumVisualStudioVersion = 10.0.40219.1
Project("{FAE04EC0-301F-11D3-BF4B-00C04F79EFBC}") = "Learning", "Learning\Learning.csproj", "{A4B3D05E-AE40-4497-A83A-C0981B2B2F81}"
EndProject
Global
	GlobalSection(SolutionConfigurationPlatforms) = preSolution
		Debug|Any CPU = Debug|Any CPU
		Release|Any CPU = Release|Any CPU
	EndGlobalSection
	GlobalSection(ProjectConfigurationPlatforms) = postSolution
		{A4B3D05E-AE40-4497-A83A-C0981B2B2F81}.Debug|Any CPU.ActiveCfg = Debug|Any CPU
		{A4B3D05E-AE40-4497-A83A-C0981B2B2F81}.Debug|Any CPU.Build.0 = Debug|Any CPU
		{A4B3D05E-AE40-4497-A83A-C0981B2B2F81}.Release|Any CPU.ActiveCfg = Release|Any CPU
		{A4B3D05E-AE40-4497-A83A-C0981B2B2F81}.Release|Any CPU.Build.0 = Release|Any CPU
	EndGlobalSection
	GlobalSection(SolutionProperties) = preSolution
		HideSolutionNode = FALSE
	EndGlobalSection
	GlobalSection(ExtensibilityGlobals) = postSolution
		SolutionGuid = {3327CA64-54C6-40B4-B3D2-7C2A426E20DA}
	EndGlobalSection
EndGlobal
